
Microsoft Visual Studio Solution File, Format Version 12.00
# Visual Studio Version 17
VisualStudioVersion = 17.0.31903.59
MinimumVisualStudioVersion = 10.0.40219.1
Project("{2150E333-8FDC-42A3-9474-1A3956D46DE8}") = "Aufgaben", "Aufgaben", "{65D81A64-A774-A646-9641-709ADC95EC14}"
EndProject
Project("{2150E333-8FDC-42A3-9474-1A3956D46DE8}") = "01_Brauerei", "01_Brauerei", "{71AEBF0F-8070-D37D-F478-6F2DA0229449}"
EndProject
Project("{FAE04EC0-301F-11D3-BF4B-00C04F79EFBC}") = "Brauerei", "Aufgaben\01_Brauerei\Brauerei\Brauerei.csproj", "{1CFFCCC6-B6AA-4123-AA63-526C15502202}"
EndProject
Project("{2150E333-8FDC-42A3-9474-1A3956D46DE8}") = "02_Schaltjahr", "02_Schaltjahr", "{A486ED5E-097A-9133-1DB5-0D6DC08EAD9B}"
EndProject
Project("{FAE04EC0-301F-11D3-BF4B-00C04F79EFBC}") = "Schaltjahr", "Aufgaben\02_Schaltjahr\Schaltjahr\Schaltjahr.csproj", "{9A37BA62-D4BE-4C30-8047-AE85D16CBE84}"
EndProject
Project("{2150E333-8FDC-42A3-9474-1A3956D46DE8}") = "03_Ulraubsrechner", "03_Ulraubsrechner", "{1922C468-5347-9CE1-E1F3-96FC63464CC1}"
EndProject
Project("{FAE04EC0-301F-11D3-BF4B-00C04F79EFBC}") = "Ulraubsrechner", "Aufgaben\03_Ulraubsrechner\Ulraubsrechner\Ulraubsrechner.csproj", "{49AD1EF0-D460-4ABE-B1D2-2FF43AEE7394}"
EndProject
Project("{2150E333-8FDC-42A3-9474-1A3956D46DE8}") = "04_Wassermelone", "04_Wassermelone", "{0BE78CAA-A2F2-C6C6-EDD3-438A2BF96769}"
EndProject
Project("{FAE04EC0-301F-11D3-BF4B-00C04F79EFBC}") = "Wassermelone", "Aufgaben\04_Wassermelone\Wassermelone\Wassermelone.csproj", "{96E192DE-9BC6-47E5-BB3E-2B1A105C418A}"
EndProject
Project("{2150E333-8FDC-42A3-9474-1A3956D46DE8}") = "05_Zahlen_in_Worten", "05_Zahlen_in_Worten", "{14EA47E2-B64F-879A-EABB-2CDA57F02051}"
EndProject
Project("{FAE04EC0-301F-11D3-BF4B-00C04F79EFBC}") = "Zahlen_in_Worten", "Aufgaben\05_Zahlen_in_Worten\Zahlen_in_Worten\Zahlen_in_Worten.csproj", "{1FCA9B5D-04C3-4A63-A77B-38CADE9A12AE}"
EndProject
Project("{2150E333-8FDC-42A3-9474-1A3956D46DE8}") = "06_Warm_Kalt", "06_Warm_Kalt", "{DAA4B667-611E-9A93-81B6-C426800E0303}"
EndProject
Project("{FAE04EC0-301F-11D3-BF4B-00C04F79EFBC}") = "Warm_Kalt", "Aufgaben\06_Warm_Kalt\Warm_Kalt\Warm_Kalt.csproj", "{A8E1E5B9-8F31-4722-BEBC-AD5EBB0CDF95}"
EndProject
Project("{2150E333-8FDC-42A3-9474-1A3956D46DE8}") = "07_Taschen_Rechner", "07_Taschen_Rechner", "{F347EA9B-0E23-9FBC-15CF-B73AB5AC1795}"
EndProject
Project("{FAE04EC0-301F-11D3-BF4B-00C04F79EFBC}") = "Taschen_Rechner", "Aufgaben\07_Taschen_Rechner\Taschen_Rechner\Taschen_Rechner.csproj", "{AF47481D-3B37-4BB0-936A-7FB101D807F6}"
EndProject
Project("{FAE04EC0-301F-11D3-BF4B-00C04F79EFBC}") = "Taschen_Rechner v1.0", "Aufgaben\07_Taschen_Rechner\Taschen_Rechner v1.0\Taschen_Rechner v1.0.csproj", "{115A24B6-A8F4-43D7-9239-4AA521A12596}"
EndProject
Project("{FAE04EC0-301F-11D3-BF4B-00C04F79EFBC}") = "Taschen_Rechner v2.0", "Aufgaben\07_Taschen_Rechner\Taschen_Rechner v2.0\Taschen_Rechner v2.0.csproj", "{C30247A5-DF08-4B4C-86F9-5521785D659A}"
EndProject
Project("{2150E333-8FDC-42A3-9474-1A3956D46DE8}") = "08_Bargeld_Rueckrechner", "08_Bargeld_Rueckrechner", "{CEF090AE-1D3C-66BE-8E4E-9D7DC0A59D74}"
EndProject
Project("{FAE04EC0-301F-11D3-BF4B-00C04F79EFBC}") = "Bargeld_Rueckrechner", "Aufgaben\08_Bargeld_Rueckrechner\Bargeld_Rueckrechner\Bargeld_Rueckrechner.csproj", "{5ED374F3-4272-44C2-BF3E-9EB10D0AF889}"
EndProject
Project("{2150E333-8FDC-42A3-9474-1A3956D46DE8}") = "09_Promillerechner", "09_Promillerechner", "{D349CFC0-E1FE-893D-0F2A-616DAD77C21A}"
EndProject
Project("{FAE04EC0-301F-11D3-BF4B-00C04F79EFBC}") = "Promillerechner", "Aufgaben\09_Promillerechner\Promillerechner\Promillerechner.csproj", "{E5B9BEC3-DDB5-4000-8AC8-63518C75C709}"
EndProject
Project("{2150E333-8FDC-42A3-9474-1A3956D46DE8}") = "10_Lotto_6aus49", "10_Lotto_6aus49", "{F908323E-0D81-B917-4AC7-2EE0BF9D2A2D}"
EndProject
Project("{FAE04EC0-301F-11D3-BF4B-00C04F79EFBC}") = "Lotto_6aus49", "Aufgaben\10_Lotto_6aus49\Lotto_6aus49\Lotto_6aus49.csproj", "{1F19A1AE-2E7B-463E-9CA3-8AF4FDCAD10E}"
EndProject
Project("{2150E333-8FDC-42A3-9474-1A3956D46DE8}") = "11_Schere_Stein_Papier", "11_Schere_Stein_Papier", "{488E4A15-D693-4646-044B-661C96225355}"
EndProject
Project("{FAE04EC0-301F-11D3-BF4B-00C04F79EFBC}") = "Schere_Stein_Papier", "Aufgaben\11_Schere_Stein_Papier\Schere_Stein_Papier\Schere_Stein_Papier.csproj", "{04B780AC-3F4F-4F7D-9D87-363C67CFFB83}"
EndProject
Project("{2150E333-8FDC-42A3-9474-1A3956D46DE8}") = "12_Urlaubsrechner", "12_Urlaubsrechner", "{238D45ED-0AD0-90FC-5BEF-B0418B11E087}"
EndProject
Project("{FAE04EC0-301F-11D3-BF4B-00C04F79EFBC}") = "Urlaubsrechner", "Aufgaben\12_Urlaubsrechner\Urlaubsrechner\Urlaubsrechner.csproj", "{FD6E5D04-F1B7-4795-AC8D-F016DE1430BA}"
EndProject
Global
	GlobalSection(SolutionConfigurationPlatforms) = preSolution
		Debug|Any CPU = Debug|Any CPU
		Debug|x64 = Debug|x64
		Debug|x86 = Debug|x86
		Release|Any CPU = Release|Any CPU
		Release|x64 = Release|x64
		Release|x86 = Release|x86
	EndGlobalSection
	GlobalSection(ProjectConfigurationPlatforms) = postSolution
		{1CFFCCC6-B6AA-4123-AA63-526C15502202}.Debug|Any CPU.ActiveCfg = Debug|Any CPU
		{1CFFCCC6-B6AA-4123-AA63-526C15502202}.Debug|Any CPU.Build.0 = Debug|Any CPU
		{1CFFCCC6-B6AA-4123-AA63-526C15502202}.Debug|x64.ActiveCfg = Debug|Any CPU
		{1CFFCCC6-B6AA-4123-AA63-526C15502202}.Debug|x64.Build.0 = Debug|Any CPU
		{1CFFCCC6-B6AA-4123-AA63-526C15502202}.Debug|x86.ActiveCfg = Debug|Any CPU
		{1CFFCCC6-B6AA-4123-AA63-526C15502202}.Debug|x86.Build.0 = Debug|Any CPU
		{1CFFCCC6-B6AA-4123-AA63-526C15502202}.Release|Any CPU.ActiveCfg = Release|Any CPU
		{1CFFCCC6-B6AA-4123-AA63-526C15502202}.Release|Any CPU.Build.0 = Release|Any CPU
		{1CFFCCC6-B6AA-4123-AA63-526C15502202}.Release|x64.ActiveCfg = Release|Any CPU
		{1CFFCCC6-B6AA-4123-AA63-526C15502202}.Release|x64.Build.0 = Release|Any CPU
		{1CFFCCC6-B6AA-4123-AA63-526C15502202}.Release|x86.ActiveCfg = Release|Any CPU
		{1CFFCCC6-B6AA-4123-AA63-526C15502202}.Release|x86.Build.0 = Release|Any CPU
		{9A37BA62-D4BE-4C30-8047-AE85D16CBE84}.Debug|Any CPU.ActiveCfg = Debug|Any CPU
		{9A37BA62-D4BE-4C30-8047-AE85D16CBE84}.Debug|Any CPU.Build.0 = Debug|Any CPU
		{9A37BA62-D4BE-4C30-8047-AE85D16CBE84}.Debug|x64.ActiveCfg = Debug|Any CPU
		{9A37BA62-D4BE-4C30-8047-AE85D16CBE84}.Debug|x64.Build.0 = Debug|Any CPU
		{9A37BA62-D4BE-4C30-8047-AE85D16CBE84}.Debug|x86.ActiveCfg = Debug|Any CPU
		{9A37BA62-D4BE-4C30-8047-AE85D16CBE84}.Debug|x86.Build.0 = Debug|Any CPU
		{9A37BA62-D4BE-4C30-8047-AE85D16CBE84}.Release|Any CPU.ActiveCfg = Release|Any CPU
		{9A37BA62-D4BE-4C30-8047-AE85D16CBE84}.Release|Any CPU.Build.0 = Release|Any CPU
		{9A37BA62-D4BE-4C30-8047-AE85D16CBE84}.Release|x64.ActiveCfg = Release|Any CPU
		{9A37BA62-D4BE-4C30-8047-AE85D16CBE84}.Release|x64.Build.0 = Release|Any CPU
		{9A37BA62-D4BE-4C30-8047-AE85D16CBE84}.Release|x86.ActiveCfg = Release|Any CPU
		{9A37BA62-D4BE-4C30-8047-AE85D16CBE84}.Release|x86.Build.0 = Release|Any CPU
		{49AD1EF0-D460-4ABE-B1D2-2FF43AEE7394}.Debug|Any CPU.ActiveCfg = Debug|Any CPU
		{49AD1EF0-D460-4ABE-B1D2-2FF43AEE7394}.Debug|Any CPU.Build.0 = Debug|Any CPU
		{49AD1EF0-D460-4ABE-B1D2-2FF43AEE7394}.Debug|x64.ActiveCfg = Debug|Any CPU
		{49AD1EF0-D460-4ABE-B1D2-2FF43AEE7394}.Debug|x64.Build.0 = Debug|Any CPU
		{49AD1EF0-D460-4ABE-B1D2-2FF43AEE7394}.Debug|x86.ActiveCfg = Debug|Any CPU
		{49AD1EF0-D460-4ABE-B1D2-2FF43AEE7394}.Debug|x86.Build.0 = Debug|Any CPU
		{49AD1EF0-D460-4ABE-B1D2-2FF43AEE7394}.Release|Any CPU.ActiveCfg = Release|Any CPU
		{49AD1EF0-D460-4ABE-B1D2-2FF43AEE7394}.Release|Any CPU.Build.0 = Release|Any CPU
		{49AD1EF0-D460-4ABE-B1D2-2FF43AEE7394}.Release|x64.ActiveCfg = Release|Any CPU
		{49AD1EF0-D460-4ABE-B1D2-2FF43AEE7394}.Release|x64.Build.0 = Release|Any CPU
		{49AD1EF0-D460-4ABE-B1D2-2FF43AEE7394}.Release|x86.ActiveCfg = Release|Any CPU
		{49AD1EF0-D460-4ABE-B1D2-2FF43AEE7394}.Release|x86.Build.0 = Release|Any CPU
		{96E192DE-9BC6-47E5-BB3E-2B1A105C418A}.Debug|Any CPU.ActiveCfg = Debug|Any CPU
		{96E192DE-9BC6-47E5-BB3E-2B1A105C418A}.Debug|Any CPU.Build.0 = Debug|Any CPU
		{96E192DE-9BC6-47E5-BB3E-2B1A105C418A}.Debug|x64.ActiveCfg = Debug|Any CPU
		{96E192DE-9BC6-47E5-BB3E-2B1A105C418A}.Debug|x64.Build.0 = Debug|Any CPU
		{96E192DE-9BC6-47E5-BB3E-2B1A105C418A}.Debug|x86.ActiveCfg = Debug|Any CPU
		{96E192DE-9BC6-47E5-BB3E-2B1A105C418A}.Debug|x86.Build.0 = Debug|Any CPU
		{96E192DE-9BC6-47E5-BB3E-2B1A105C418A}.Release|Any CPU.ActiveCfg = Release|Any CPU
		{96E192DE-9BC6-47E5-BB3E-2B1A105C418A}.Release|Any CPU.Build.0 = Release|Any CPU
		{96E192DE-9BC6-47E5-BB3E-2B1A105C418A}.Release|x64.ActiveCfg = Release|Any CPU
		{96E192DE-9BC6-47E5-BB3E-2B1A105C418A}.Release|x64.Build.0 = Release|Any CPU
		{96E192DE-9BC6-47E5-BB3E-2B1A105C418A}.Release|x86.ActiveCfg = Release|Any CPU
		{96E192DE-9BC6-47E5-BB3E-2B1A105C418A}.Release|x86.Build.0 = Release|Any CPU
		{1FCA9B5D-04C3-4A63-A77B-38CADE9A12AE}.Debug|Any CPU.ActiveCfg = Debug|Any CPU
		{1FCA9B5D-04C3-4A63-A77B-38CADE9A12AE}.Debug|Any CPU.Build.0 = Debug|Any CPU
		{1FCA9B5D-04C3-4A63-A77B-38CADE9A12AE}.Debug|x64.ActiveCfg = Debug|Any CPU
		{1FCA9B5D-04C3-4A63-A77B-38CADE9A12AE}.Debug|x64.Build.0 = Debug|Any CPU
		{1FCA9B5D-04C3-4A63-A77B-38CADE9A12AE}.Debug|x86.ActiveCfg = Debug|Any CPU
		{1FCA9B5D-04C3-4A63-A77B-38CADE9A12AE}.Debug|x86.Build.0 = Debug|Any CPU
		{1FCA9B5D-04C3-4A63-A77B-38CADE9A12AE}.Release|Any CPU.ActiveCfg = Release|Any CPU
		{1FCA9B5D-04C3-4A63-A77B-38CADE9A12AE}.Release|Any CPU.Build.0 = Release|Any CPU
		{1FCA9B5D-04C3-4A63-A77B-38CADE9A12AE}.Release|x64.ActiveCfg = Release|Any CPU
		{1FCA9B5D-04C3-4A63-A77B-38CADE9A12AE}.Release|x64.Build.0 = Release|Any CPU
		{1FCA9B5D-04C3-4A63-A77B-38CADE9A12AE}.Release|x86.ActiveCfg = Release|Any CPU
		{1FCA9B5D-04C3-4A63-A77B-38CADE9A12AE}.Release|x86.Build.0 = Release|Any CPU
		{A8E1E5B9-8F31-4722-BEBC-AD5EBB0CDF95}.Debug|Any CPU.ActiveCfg = Debug|Any CPU
		{A8E1E5B9-8F31-4722-BEBC-AD5EBB0CDF95}.Debug|Any CPU.Build.0 = Debug|Any CPU
		{A8E1E5B9-8F31-4722-BEBC-AD5EBB0CDF95}.Debug|x64.ActiveCfg = Debug|Any CPU
		{A8E1E5B9-8F31-4722-BEBC-AD5EBB0CDF95}.Debug|x64.Build.0 = Debug|Any CPU
		{A8E1E5B9-8F31-4722-BEBC-AD5EBB0CDF95}.Debug|x86.ActiveCfg = Debug|Any CPU
		{A8E1E5B9-8F31-4722-BEBC-AD5EBB0CDF95}.Debug|x86.Build.0 = Debug|Any CPU
		{A8E1E5B9-8F31-4722-BEBC-AD5EBB0CDF95}.Release|Any CPU.ActiveCfg = Release|Any CPU
		{A8E1E5B9-8F31-4722-BEBC-AD5EBB0CDF95}.Release|Any CPU.Build.0 = Release|Any CPU
		{A8E1E5B9-8F31-4722-BEBC-AD5EBB0CDF95}.Release|x64.ActiveCfg = Release|Any CPU
		{A8E1E5B9-8F31-4722-BEBC-AD5EBB0CDF95}.Release|x64.Build.0 = Release|Any CPU
		{A8E1E5B9-8F31-4722-BEBC-AD5EBB0CDF95}.Release|x86.ActiveCfg = Release|Any CPU
		{A8E1E5B9-8F31-4722-BEBC-AD5EBB0CDF95}.Release|x86.Build.0 = Release|Any CPU
		{AF47481D-3B37-4BB0-936A-7FB101D807F6}.Debug|Any CPU.ActiveCfg = Debug|Any CPU
		{AF47481D-3B37-4BB0-936A-7FB101D807F6}.Debug|Any CPU.Build.0 = Debug|Any CPU
		{AF47481D-3B37-4BB0-936A-7FB101D807F6}.Debug|x64.ActiveCfg = Debug|Any CPU
		{AF47481D-3B37-4BB0-936A-7FB101D807F6}.Debug|x64.Build.0 = Debug|Any CPU
		{AF47481D-3B37-4BB0-936A-7FB101D807F6}.Debug|x86.ActiveCfg = Debug|Any CPU
		{AF47481D-3B37-4BB0-936A-7FB101D807F6}.Debug|x86.Build.0 = Debug|Any CPU
		{AF47481D-3B37-4BB0-936A-7FB101D807F6}.Release|Any CPU.ActiveCfg = Release|Any CPU
		{AF47481D-3B37-4BB0-936A-7FB101D807F6}.Release|Any CPU.Build.0 = Release|Any CPU
		{AF47481D-3B37-4BB0-936A-7FB101D807F6}.Release|x64.ActiveCfg = Release|Any CPU
		{AF47481D-3B37-4BB0-936A-7FB101D807F6}.Release|x64.Build.0 = Release|Any CPU
		{AF47481D-3B37-4BB0-936A-7FB101D807F6}.Release|x86.ActiveCfg = Release|Any CPU
		{AF47481D-3B37-4BB0-936A-7FB101D807F6}.Release|x86.Build.0 = Release|Any CPU
		{115A24B6-A8F4-43D7-9239-4AA521A12596}.Debug|Any CPU.ActiveCfg = Debug|Any CPU
		{115A24B6-A8F4-43D7-9239-4AA521A12596}.Debug|Any CPU.Build.0 = Debug|Any CPU
		{115A24B6-A8F4-43D7-9239-4AA521A12596}.Debug|x64.ActiveCfg = Debug|Any CPU
		{115A24B6-A8F4-43D7-9239-4AA521A12596}.Debug|x64.Build.0 = Debug|Any CPU
		{115A24B6-A8F4-43D7-9239-4AA521A12596}.Debug|x86.ActiveCfg = Debug|Any CPU
		{115A24B6-A8F4-43D7-9239-4AA521A12596}.Debug|x86.Build.0 = Debug|Any CPU
		{115A24B6-A8F4-43D7-9239-4AA521A12596}.Release|Any CPU.ActiveCfg = Release|Any CPU
		{115A24B6-A8F4-43D7-9239-4AA521A12596}.Release|Any CPU.Build.0 = Release|Any CPU
		{115A24B6-A8F4-43D7-9239-4AA521A12596}.Release|x64.ActiveCfg = Release|Any CPU
		{115A24B6-A8F4-43D7-9239-4AA521A12596}.Release|x64.Build.0 = Release|Any CPU
		{115A24B6-A8F4-43D7-9239-4AA521A12596}.Release|x86.ActiveCfg = Release|Any CPU
		{115A24B6-A8F4-43D7-9239-4AA521A12596}.Release|x86.Build.0 = Release|Any CPU
		{C30247A5-DF08-4B4C-86F9-5521785D659A}.Debug|Any CPU.ActiveCfg = Debug|Any CPU
		{C30247A5-DF08-4B4C-86F9-5521785D659A}.Debug|Any CPU.Build.0 = Debug|Any CPU
		{C30247A5-DF08-4B4C-86F9-5521785D659A}.Debug|x64.ActiveCfg = Debug|Any CPU
		{C30247A5-DF08-4B4C-86F9-5521785D659A}.Debug|x64.Build.0 = Debug|Any CPU
		{C30247A5-DF08-4B4C-86F9-5521785D659A}.Debug|x86.ActiveCfg = Debug|Any CPU
		{C30247A5-DF08-4B4C-86F9-5521785D659A}.Debug|x86.Build.0 = Debug|Any CPU
		{C30247A5-DF08-4B4C-86F9-5521785D659A}.Release|Any CPU.ActiveCfg = Release|Any CPU
		{C30247A5-DF08-4B4C-86F9-5521785D659A}.Release|Any CPU.Build.0 = Release|Any CPU
		{C30247A5-DF08-4B4C-86F9-5521785D659A}.Release|x64.ActiveCfg = Release|Any CPU
		{C30247A5-DF08-4B4C-86F9-5521785D659A}.Release|x64.Build.0 = Release|Any CPU
		{C30247A5-DF08-4B4C-86F9-5521785D659A}.Release|x86.ActiveCfg = Release|Any CPU
		{C30247A5-DF08-4B4C-86F9-5521785D659A}.Release|x86.Build.0 = Release|Any CPU
		{5ED374F3-4272-44C2-BF3E-9EB10D0AF889}.Debug|Any CPU.ActiveCfg = Debug|Any CPU
		{5ED374F3-4272-44C2-BF3E-9EB10D0AF889}.Debug|Any CPU.Build.0 = Debug|Any CPU
		{5ED374F3-4272-44C2-BF3E-9EB10D0AF889}.Debug|x64.ActiveCfg = Debug|Any CPU
		{5ED374F3-4272-44C2-BF3E-9EB10D0AF889}.Debug|x64.Build.0 = Debug|Any CPU
		{5ED374F3-4272-44C2-BF3E-9EB10D0AF889}.Debug|x86.ActiveCfg = Debug|Any CPU
		{5ED374F3-4272-44C2-BF3E-9EB10D0AF889}.Debug|x86.Build.0 = Debug|Any CPU
		{5ED374F3-4272-44C2-BF3E-9EB10D0AF889}.Release|Any CPU.ActiveCfg = Release|Any CPU
		{5ED374F3-4272-44C2-BF3E-9EB10D0AF889}.Release|Any CPU.Build.0 = Release|Any CPU
		{5ED374F3-4272-44C2-BF3E-9EB10D0AF889}.Release|x64.ActiveCfg = Release|Any CPU
		{5ED374F3-4272-44C2-BF3E-9EB10D0AF889}.Release|x64.Build.0 = Release|Any CPU
		{5ED374F3-4272-44C2-BF3E-9EB10D0AF889}.Release|x86.ActiveCfg = Release|Any CPU
		{5ED374F3-4272-44C2-BF3E-9EB10D0AF889}.Release|x86.Build.0 = Release|Any CPU
		{E5B9BEC3-DDB5-4000-8AC8-63518C75C709}.Debug|Any CPU.ActiveCfg = Debug|Any CPU
		{E5B9BEC3-DDB5-4000-8AC8-63518C75C709}.Debug|Any CPU.Build.0 = Debug|Any CPU
		{E5B9BEC3-DDB5-4000-8AC8-63518C75C709}.Debug|x64.ActiveCfg = Debug|Any CPU
		{E5B9BEC3-DDB5-4000-8AC8-63518C75C709}.Debug|x64.Build.0 = Debug|Any CPU
		{E5B9BEC3-DDB5-4000-8AC8-63518C75C709}.Debug|x86.ActiveCfg = Debug|Any CPU
		{E5B9BEC3-DDB5-4000-8AC8-63518C75C709}.Debug|x86.Build.0 = Debug|Any CPU
		{E5B9BEC3-DDB5-4000-8AC8-63518C75C709}.Release|Any CPU.ActiveCfg = Release|Any CPU
		{E5B9BEC3-DDB5-4000-8AC8-63518C75C709}.Release|Any CPU.Build.0 = Release|Any CPU
		{E5B9BEC3-DDB5-4000-8AC8-63518C75C709}.Release|x64.ActiveCfg = Release|Any CPU
		{E5B9BEC3-DDB5-4000-8AC8-63518C75C709}.Release|x64.Build.0 = Release|Any CPU
		{E5B9BEC3-DDB5-4000-8AC8-63518C75C709}.Release|x86.ActiveCfg = Release|Any CPU
		{E5B9BEC3-DDB5-4000-8AC8-63518C75C709}.Release|x86.Build.0 = Release|Any CPU
		{1F19A1AE-2E7B-463E-9CA3-8AF4FDCAD10E}.Debug|Any CPU.ActiveCfg = Debug|Any CPU
		{1F19A1AE-2E7B-463E-9CA3-8AF4FDCAD10E}.Debug|Any CPU.Build.0 = Debug|Any CPU
		{1F19A1AE-2E7B-463E-9CA3-8AF4FDCAD10E}.Debug|x64.ActiveCfg = Debug|Any CPU
		{1F19A1AE-2E7B-463E-9CA3-8AF4FDCAD10E}.Debug|x64.Build.0 = Debug|Any CPU
		{1F19A1AE-2E7B-463E-9CA3-8AF4FDCAD10E}.Debug|x86.ActiveCfg = Debug|Any CPU
		{1F19A1AE-2E7B-463E-9CA3-8AF4FDCAD10E}.Debug|x86.Build.0 = Debug|Any CPU
		{1F19A1AE-2E7B-463E-9CA3-8AF4FDCAD10E}.Release|Any CPU.ActiveCfg = Release|Any CPU
		{1F19A1AE-2E7B-463E-9CA3-8AF4FDCAD10E}.Release|Any CPU.Build.0 = Release|Any CPU
		{1F19A1AE-2E7B-463E-9CA3-8AF4FDCAD10E}.Release|x64.ActiveCfg = Release|Any CPU
		{1F19A1AE-2E7B-463E-9CA3-8AF4FDCAD10E}.Release|x64.Build.0 = Release|Any CPU
		{1F19A1AE-2E7B-463E-9CA3-8AF4FDCAD10E}.Release|x86.ActiveCfg = Release|Any CPU
		{1F19A1AE-2E7B-463E-9CA3-8AF4FDCAD10E}.Release|x86.Build.0 = Release|Any CPU
		{04B780AC-3F4F-4F7D-9D87-363C67CFFB83}.Debug|Any CPU.ActiveCfg = Debug|Any CPU
		{04B780AC-3F4F-4F7D-9D87-363C67CFFB83}.Debug|Any CPU.Build.0 = Debug|Any CPU
		{04B780AC-3F4F-4F7D-9D87-363C67CFFB83}.Debug|x64.ActiveCfg = Debug|Any CPU
		{04B780AC-3F4F-4F7D-9D87-363C67CFFB83}.Debug|x64.Build.0 = Debug|Any CPU
		{04B780AC-3F4F-4F7D-9D87-363C67CFFB83}.Debug|x86.ActiveCfg = Debug|Any CPU
		{04B780AC-3F4F-4F7D-9D87-363C67CFFB83}.Debug|x86.Build.0 = Debug|Any CPU
		{04B780AC-3F4F-4F7D-9D87-363C67CFFB83}.Release|Any CPU.ActiveCfg = Release|Any CPU
		{04B780AC-3F4F-4F7D-9D87-363C67CFFB83}.Release|Any CPU.Build.0 = Release|Any CPU
		{04B780AC-3F4F-4F7D-9D87-363C67CFFB83}.Release|x64.ActiveCfg = Release|Any CPU
		{04B780AC-3F4F-4F7D-9D87-363C67CFFB83}.Release|x64.Build.0 = Release|Any CPU
		{04B780AC-3F4F-4F7D-9D87-363C67CFFB83}.Release|x86.ActiveCfg = Release|Any CPU
		{04B780AC-3F4F-4F7D-9D87-363C67CFFB83}.Release|x86.Build.0 = Release|Any CPU
		{FD6E5D04-F1B7-4795-AC8D-F016DE1430BA}.Debug|Any CPU.ActiveCfg = Debug|Any CPU
		{FD6E5D04-F1B7-4795-AC8D-F016DE1430BA}.Debug|Any CPU.Build.0 = Debug|Any CPU
		{FD6E5D04-F1B7-4795-AC8D-F016DE1430BA}.Debug|x64.ActiveCfg = Debug|Any CPU
		{FD6E5D04-F1B7-4795-AC8D-F016DE1430BA}.Debug|x64.Build.0 = Debug|Any CPU
		{FD6E5D04-F1B7-4795-AC8D-F016DE1430BA}.Debug|x86.ActiveCfg = Debug|Any CPU
		{FD6E5D04-F1B7-4795-AC8D-F016DE1430BA}.Debug|x86.Build.0 = Debug|Any CPU
		{FD6E5D04-F1B7-4795-AC8D-F016DE1430BA}.Release|Any CPU.ActiveCfg = Release|Any CPU
		{FD6E5D04-F1B7-4795-AC8D-F016DE1430BA}.Release|Any CPU.Build.0 = Release|Any CPU
		{FD6E5D04-F1B7-4795-AC8D-F016DE1430BA}.Release|x64.ActiveCfg = Release|Any CPU
		{FD6E5D04-F1B7-4795-AC8D-F016DE1430BA}.Release|x64.Build.0 = Release|Any CPU
		{FD6E5D04-F1B7-4795-AC8D-F016DE1430BA}.Release|x86.ActiveCfg = Release|Any CPU
		{FD6E5D04-F1B7-4795-AC8D-F016DE1430BA}.Release|x86.Build.0 = Release|Any CPU
	EndGlobalSection
	GlobalSection(SolutionProperties) = preSolution
		HideSolutionNode = FALSE
	EndGlobalSection
	GlobalSection(NestedProjects) = preSolution
		{71AEBF0F-8070-D37D-F478-6F2DA0229449} = {65D81A64-A774-A646-9641-709ADC95EC14}
		{1CFFCCC6-B6AA-4123-AA63-526C15502202} = {71AEBF0F-8070-D37D-F478-6F2DA0229449}
		{A486ED5E-097A-9133-1DB5-0D6DC08EAD9B} = {65D81A64-A774-A646-9641-709ADC95EC14}
		{9A37BA62-D4BE-4C30-8047-AE85D16CBE84} = {A486ED5E-097A-9133-1DB5-0D6DC08EAD9B}
		{1922C468-5347-9CE1-E1F3-96FC63464CC1} = {65D81A64-A774-A646-9641-709ADC95EC14}
		{49AD1EF0-D460-4ABE-B1D2-2FF43AEE7394} = {1922C468-5347-9CE1-E1F3-96FC63464CC1}
		{0BE78CAA-A2F2-C6C6-EDD3-438A2BF96769} = {65D81A64-A774-A646-9641-709ADC95EC14}
		{96E192DE-9BC6-47E5-BB3E-2B1A105C418A} = {0BE78CAA-A2F2-C6C6-EDD3-438A2BF96769}
		{14EA47E2-B64F-879A-EABB-2CDA57F02051} = {65D81A64-A774-A646-9641-709ADC95EC14}
		{1FCA9B5D-04C3-4A63-A77B-38CADE9A12AE} = {14EA47E2-B64F-879A-EABB-2CDA57F02051}
		{DAA4B667-611E-9A93-81B6-C426800E0303} = {65D81A64-A774-A646-9641-709ADC95EC14}
		{A8E1E5B9-8F31-4722-BEBC-AD5EBB0CDF95} = {DAA4B667-611E-9A93-81B6-C426800E0303}
		{F347EA9B-0E23-9FBC-15CF-B73AB5AC1795} = {65D81A64-A774-A646-9641-709ADC95EC14}
		{AF47481D-3B37-4BB0-936A-7FB101D807F6} = {F347EA9B-0E23-9FBC-15CF-B73AB5AC1795}
		{115A24B6-A8F4-43D7-9239-4AA521A12596} = {F347EA9B-0E23-9FBC-15CF-B73AB5AC1795}
		{C30247A5-DF08-4B4C-86F9-5521785D659A} = {F347EA9B-0E23-9FBC-15CF-B73AB5AC1795}
		{CEF090AE-1D3C-66BE-8E4E-9D7DC0A59D74} = {65D81A64-A774-A646-9641-709ADC95EC14}
		{5ED374F3-4272-44C2-BF3E-9EB10D0AF889} = {CEF090AE-1D3C-66BE-8E4E-9D7DC0A59D74}
		{D349CFC0-E1FE-893D-0F2A-616DAD77C21A} = {65D81A64-A774-A646-9641-709ADC95EC14}
		{E5B9BEC3-DDB5-4000-8AC8-63518C75C709} = {D349CFC0-E1FE-893D-0F2A-616DAD77C21A}
		{F908323E-0D81-B917-4AC7-2EE0BF9D2A2D} = {65D81A64-A774-A646-9641-709ADC95EC14}
		{1F19A1AE-2E7B-463E-9CA3-8AF4FDCAD10E} = {F908323E-0D81-B917-4AC7-2EE0BF9D2A2D}
		{488E4A15-D693-4646-044B-661C96225355} = {65D81A64-A774-A646-9641-709ADC95EC14}
		{04B780AC-3F4F-4F7D-9D87-363C67CFFB83} = {488E4A15-D693-4646-044B-661C96225355}
		{238D45ED-0AD0-90FC-5BEF-B0418B11E087} = {65D81A64-A774-A646-9641-709ADC95EC14}
		{FD6E5D04-F1B7-4795-AC8D-F016DE1430BA} = {238D45ED-0AD0-90FC-5BEF-B0418B11E087}
	EndGlobalSection
EndGlobal
