
Microsoft Visual Studio Solution File, Format Version 12.00
# Visual Studio Version 17
VisualStudioVersion = 17.0.31903.59
MinimumVisualStudioVersion = 10.0.40219.1
Project("{2150E333-8FDC-42A3-9474-1A3956D46DE8}") = "Aufgaben", "Aufgaben", "{65D81A64-A774-A646-9641-709ADC95EC14}"
EndProject
Project("{2150E333-8FDC-42A3-9474-1A3956D46DE8}") = "01_Brauerei", "01_Brauerei", "{71AEBF0F-8070-D37D-F478-6F2DA0229449}"
EndProject
Project("{FAE04EC0-301F-11D3-BF4B-00C04F79EFBC}") = "Brauerei", "Aufgaben\01_Brauerei\Brauerei\Brauerei.csproj", "{1CFFCCC6-B6AA-4123-AA63-526C15502202}"
EndProject
Project("{2150E333-8FDC-42A3-9474-1A3956D46DE8}") = "02_Schaltjahr", "02_Schaltjahr", "{A486ED5E-097A-9133-1DB5-0D6DC08EAD9B}"
EndProject
Project("{FAE04EC0-301F-11D3-BF4B-00C04F79EFBC}") = "Schaltjahr", "Aufgaben\02_Schaltjahr\Schaltjahr\Schaltjahr.csproj", "{9A37BA62-D4BE-4C30-8047-AE85D16CBE84}"
EndProject
Project("{2150E333-8FDC-42A3-9474-1A3956D46DE8}") = "03_Ulraubsrechner", "03_Ulraubsrechner", "{1922C468-5347-9CE1-E1F3-96FC63464CC1}"
EndProject
Project("{FAE04EC0-301F-11D3-BF4B-00C04F79EFBC}") = "Ulraubsrechner", "Aufgaben\03_Ulraubsrechner\Ulraubsrechner\Ulraubsrechner.csproj", "{49AD1EF0-D460-4ABE-B1D2-2FF43AEE7394}"
EndProject
Project("{2150E333-8FDC-42A3-9474-1A3956D46DE8}") = "04_Wassermelone", "04_Wassermelone", "{0BE78CAA-A2F2-C6C6-EDD3-438A2BF96769}"
EndProject
Project("{FAE04EC0-301F-11D3-BF4B-00C04F79EFBC}") = "Wassermelone", "Aufgaben\04_Wassermelone\Wassermelone\Wassermelone.csproj", "{96E192DE-9BC6-47E5-BB3E-2B1A105C418A}"
EndProject
Project("{2150E333-8FDC-42A3-9474-1A3956D46DE8}") = "05_Zahlen_in_Worten", "05_Zahlen_in_Worten", "{14EA47E2-B64F-879A-EABB-2CDA57F02051}"
EndProject
Project("{FAE04EC0-301F-11D3-BF4B-00C04F79EFBC}") = "Zahlen_in_Worten", "Aufgaben\05_Zahlen_in_Worten\Zahlen_in_Worten\Zahlen_in_Worten.csproj", "{1FCA9B5D-04C3-4A63-A77B-38CADE9A12AE}"
EndProject
Project("{2150E333-8FDC-42A3-9474-1A3956D46DE8}") = "06_Warm_Kalt", "06_Warm_Kalt", "{DAA4B667-611E-9A93-81B6-C426800E0303}"
EndProject
Project("{FAE04EC0-301F-11D3-BF4B-00C04F79EFBC}") = "Warm_Kalt", "Aufgaben\06_Warm_Kalt\Warm_Kalt\Warm_Kalt.csproj", "{A8E1E5B9-8F31-4722-BEBC-AD5EBB0CDF95}"
EndProject
Project("{2150E333-8FDC-42A3-9474-1A3956D46DE8}") = "07_Taschen_Rechner", "07_Taschen_Rechner", "{F347EA9B-0E23-9FBC-15CF-B73AB5AC1795}"
EndProject
Project("{FAE04EC0-301F-11D3-BF4B-00C04F79EFBC}") = "Taschen_Rechner", "Aufgaben\07_Taschen_Rechner\Taschen_Rechner\Taschen_Rechner.csproj", "{AF47481D-3B37-4BB0-936A-7FB101D807F6}"
EndProject
Project("{FAE04EC0-301F-11D3-BF4B-00C04F79EFBC}") = "Taschen_Rechner v1.0", "Aufgaben\07_Taschen_Rechner\Taschen_Rechner v1.0\Taschen_Rechner v1.0.csproj", "{115A24B6-A8F4-43D7-9239-4AA521A12596}"
EndProject
Project("{FAE04EC0-301F-11D3-BF4B-00C04F79EFBC}") = "Taschen_Rechner v2.0", "Aufgaben\07_Taschen_Rechner\Taschen_Rechner v2.0\Taschen_Rechner v2.0.csproj", "{C30247A5-DF08-4B4C-86F9-5521785D659A}"
EndProject
Global
	GlobalSection(SolutionConfigurationPlatforms) = preSolution
		Debug|Any CPU = Debug|Any CPU
		Debug|x64 = Debug|x64
		Debug|x86 = Debug|x86
		Release|Any CPU = Release|Any CPU
		Release|x64 = Release|x64
		Release|x86 = Release|x86
	EndGlobalSection
	GlobalSection(ProjectConfigurationPlatforms) = postSolution
		{1CFFCCC6-B6AA-4123-AA63-526C15502202}.Debug|Any CPU.ActiveCfg = Debug|Any CPU
		{1CFFCCC6-B6AA-4123-AA63-526C15502202}.Debug|Any CPU.Build.0 = Debug|Any CPU
		{1CFFCCC6-B6AA-4123-AA63-526C15502202}.Debug|x64.ActiveCfg = Debug|Any CPU
		{1CFFCCC6-B6AA-4123-AA63-526C15502202}.Debug|x64.Build.0 = Debug|Any CPU
		{1CFFCCC6-B6AA-4123-AA63-526C15502202}.Debug|x86.ActiveCfg = Debug|Any CPU
		{1CFFCCC6-B6AA-4123-AA63-526C15502202}.Debug|x86.Build.0 = Debug|Any CPU
		{1CFFCCC6-B6AA-4123-AA63-526C15502202}.Release|Any CPU.ActiveCfg = Release|Any CPU
		{1CFFCCC6-B6AA-4123-AA63-526C15502202}.Release|Any CPU.Build.0 = Release|Any CPU
		{1CFFCCC6-B6AA-4123-AA63-526C15502202}.Release|x64.ActiveCfg = Release|Any CPU
		{1CFFCCC6-B6AA-4123-AA63-526C15502202}.Release|x64.Build.0 = Release|Any CPU
		{1CFFCCC6-B6AA-4123-AA63-526C15502202}.Release|x86.ActiveCfg = Release|Any CPU
		{1CFFCCC6-B6AA-4123-AA63-526C15502202}.Release|x86.Build.0 = Release|Any CPU
		{9A37BA62-D4BE-4C30-8047-AE85D16CBE84}.Debug|Any CPU.ActiveCfg = Debug|Any CPU
		{9A37BA62-D4BE-4C30-8047-AE85D16CBE84}.Debug|Any CPU.Build.0 = Debug|Any CPU
		{9A37BA62-D4BE-4C30-8047-AE85D16CBE84}.Debug|x64.ActiveCfg = Debug|Any CPU
		{9A37BA62-D4BE-4C30-8047-AE85D16CBE84}.Debug|x64.Build.0 = Debug|Any CPU
		{9A37BA62-D4BE-4C30-8047-AE85D16CBE84}.Debug|x86.ActiveCfg = Debug|Any CPU
		{9A37BA62-D4BE-4C30-8047-AE85D16CBE84}.Debug|x86.Build.0 = Debug|Any CPU
		{9A37BA62-D4BE-4C30-8047-AE85D16CBE84}.Release|Any CPU.ActiveCfg = Release|Any CPU
		{9A37BA62-D4BE-4C30-8047-AE85D16CBE84}.Release|Any CPU.Build.0 = Release|Any CPU
		{9A37BA62-D4BE-4C30-8047-AE85D16CBE84}.Release|x64.ActiveCfg = Release|Any CPU
		{9A37BA62-D4BE-4C30-8047-AE85D16CBE84}.Release|x64.Build.0 = Release|Any CPU
		{9A37BA62-D4BE-4C30-8047-AE85D16CBE84}.Release|x86.ActiveCfg = Release|Any CPU
		{9A37BA62-D4BE-4C30-8047-AE85D16CBE84}.Release|x86.Build.0 = Release|Any CPU
		{49AD1EF0-D460-4ABE-B1D2-2FF43AEE7394}.Debug|Any CPU.ActiveCfg = Debug|Any CPU
		{49AD1EF0-D460-4ABE-B1D2-2FF43AEE7394}.Debug|Any CPU.Build.0 = Debug|Any CPU
		{49AD1EF0-D460-4ABE-B1D2-2FF43AEE7394}.Debug|x64.ActiveCfg = Debug|Any CPU
		{49AD1EF0-D460-4ABE-B1D2-2FF43AEE7394}.Debug|x64.Build.0 = Debug|Any CPU
		{49AD1EF0-D460-4ABE-B1D2-2FF43AEE7394}.Debug|x86.ActiveCfg = Debug|Any CPU
		{49AD1EF0-D460-4ABE-B1D2-2FF43AEE7394}.Debug|x86.Build.0 = Debug|Any CPU
		{49AD1EF0-D460-4ABE-B1D2-2FF43AEE7394}.Release|Any CPU.ActiveCfg = Release|Any CPU
		{49AD1EF0-D460-4ABE-B1D2-2FF43AEE7394}.Release|Any CPU.Build.0 = Release|Any CPU
		{49AD1EF0-D460-4ABE-B1D2-2FF43AEE7394}.Release|x64.ActiveCfg = Release|Any CPU
		{49AD1EF0-D460-4ABE-B1D2-2FF43AEE7394}.Release|x64.Build.0 = Release|Any CPU
		{49AD1EF0-D460-4ABE-B1D2-2FF43AEE7394}.Release|x86.ActiveCfg = Release|Any CPU
		{49AD1EF0-D460-4ABE-B1D2-2FF43AEE7394}.Release|x86.Build.0 = Release|Any CPU
		{96E192DE-9BC6-47E5-BB3E-2B1A105C418A}.Debug|Any CPU.ActiveCfg = Debug|Any CPU
		{96E192DE-9BC6-47E5-BB3E-2B1A105C418A}.Debug|Any CPU.Build.0 = Debug|Any CPU
		{96E192DE-9BC6-47E5-BB3E-2B1A105C418A}.Debug|x64.ActiveCfg = Debug|Any CPU
		{96E192DE-9BC6-47E5-BB3E-2B1A105C418A}.Debug|x64.Build.0 = Debug|Any CPU
		{96E192DE-9BC6-47E5-BB3E-2B1A105C418A}.Debug|x86.ActiveCfg = Debug|Any CPU
		{96E192DE-9BC6-47E5-BB3E-2B1A105C418A}.Debug|x86.Build.0 = Debug|Any CPU
		{96E192DE-9BC6-47E5-BB3E-2B1A105C418A}.Release|Any CPU.ActiveCfg = Release|Any CPU
		{96E192DE-9BC6-47E5-BB3E-2B1A105C418A}.Release|Any CPU.Build.0 = Release|Any CPU
		{96E192DE-9BC6-47E5-BB3E-2B1A105C418A}.Release|x64.ActiveCfg = Release|Any CPU
		{96E192DE-9BC6-47E5-BB3E-2B1A105C418A}.Release|x64.Build.0 = Release|Any CPU
		{96E192DE-9BC6-47E5-BB3E-2B1A105C418A}.Release|x86.ActiveCfg = Release|Any CPU
		{96E192DE-9BC6-47E5-BB3E-2B1A105C418A}.Release|x86.Build.0 = Release|Any CPU
		{1FCA9B5D-04C3-4A63-A77B-38CADE9A12AE}.Debug|Any CPU.ActiveCfg = Debug|Any CPU
		{1FCA9B5D-04C3-4A63-A77B-38CADE9A12AE}.Debug|Any CPU.Build.0 = Debug|Any CPU
		{1FCA9B5D-04C3-4A63-A77B-38CADE9A12AE}.Debug|x64.ActiveCfg = Debug|Any CPU
		{1FCA9B5D-04C3-4A63-A77B-38CADE9A12AE}.Debug|x64.Build.0 = Debug|Any CPU
		{1FCA9B5D-04C3-4A63-A77B-38CADE9A12AE}.Debug|x86.ActiveCfg = Debug|Any CPU
		{1FCA9B5D-04C3-4A63-A77B-38CADE9A12AE}.Debug|x86.Build.0 = Debug|Any CPU
		{1FCA9B5D-04C3-4A63-A77B-38CADE9A12AE}.Release|Any CPU.ActiveCfg = Release|Any CPU
		{1FCA9B5D-04C3-4A63-A77B-38CADE9A12AE}.Release|Any CPU.Build.0 = Release|Any CPU
		{1FCA9B5D-04C3-4A63-A77B-38CADE9A12AE}.Release|x64.ActiveCfg = Release|Any CPU
		{1FCA9B5D-04C3-4A63-A77B-38CADE9A12AE}.Release|x64.Build.0 = Release|Any CPU
		{1FCA9B5D-04C3-4A63-A77B-38CADE9A12AE}.Release|x86.ActiveCfg = Release|Any CPU
		{1FCA9B5D-04C3-4A63-A77B-38CADE9A12AE}.Release|x86.Build.0 = Release|Any CPU
		{A8E1E5B9-8F31-4722-BEBC-AD5EBB0CDF95}.Debug|Any CPU.ActiveCfg = Debug|Any CPU
		{A8E1E5B9-8F31-4722-BEBC-AD5EBB0CDF95}.Debug|Any CPU.Build.0 = Debug|Any CPU
		{A8E1E5B9-8F31-4722-BEBC-AD5EBB0CDF95}.Debug|x64.ActiveCfg = Debug|Any CPU
		{A8E1E5B9-8F31-4722-BEBC-AD5EBB0CDF95}.Debug|x64.Build.0 = Debug|Any CPU
		{A8E1E5B9-8F31-4722-BEBC-AD5EBB0CDF95}.Debug|x86.ActiveCfg = Debug|Any CPU
		{A8E1E5B9-8F31-4722-BEBC-AD5EBB0CDF95}.Debug|x86.Build.0 = Debug|Any CPU
		{A8E1E5B9-8F31-4722-BEBC-AD5EBB0CDF95}.Release|Any CPU.ActiveCfg = Release|Any CPU
		{A8E1E5B9-8F31-4722-BEBC-AD5EBB0CDF95}.Release|Any CPU.Build.0 = Release|Any CPU
		{A8E1E5B9-8F31-4722-BEBC-AD5EBB0CDF95}.Release|x64.ActiveCfg = Release|Any CPU
		{A8E1E5B9-8F31-4722-BEBC-AD5EBB0CDF95}.Release|x64.Build.0 = Release|Any CPU
		{A8E1E5B9-8F31-4722-BEBC-AD5EBB0CDF95}.Release|x86.ActiveCfg = Release|Any CPU
		{A8E1E5B9-8F31-4722-BEBC-AD5EBB0CDF95}.Release|x86.Build.0 = Release|Any CPU
		{AF47481D-3B37-4BB0-936A-7FB101D807F6}.Debug|Any CPU.ActiveCfg = Debug|Any CPU
		{AF47481D-3B37-4BB0-936A-7FB101D807F6}.Debug|Any CPU.Build.0 = Debug|Any CPU
		{AF47481D-3B37-4BB0-936A-7FB101D807F6}.Debug|x64.ActiveCfg = Debug|Any CPU
		{AF47481D-3B37-4BB0-936A-7FB101D807F6}.Debug|x64.Build.0 = Debug|Any CPU
		{AF47481D-3B37-4BB0-936A-7FB101D807F6}.Debug|x86.ActiveCfg = Debug|Any CPU
		{AF47481D-3B37-4BB0-936A-7FB101D807F6}.Debug|x86.Build.0 = Debug|Any CPU
		{AF47481D-3B37-4BB0-936A-7FB101D807F6}.Release|Any CPU.ActiveCfg = Release|Any CPU
		{AF47481D-3B37-4BB0-936A-7FB101D807F6}.Release|Any CPU.Build.0 = Release|Any CPU
		{AF47481D-3B37-4BB0-936A-7FB101D807F6}.Release|x64.ActiveCfg = Release|Any CPU
		{AF47481D-3B37-4BB0-936A-7FB101D807F6}.Release|x64.Build.0 = Release|Any CPU
		{AF47481D-3B37-4BB0-936A-7FB101D807F6}.Release|x86.ActiveCfg = Release|Any CPU
		{AF47481D-3B37-4BB0-936A-7FB101D807F6}.Release|x86.Build.0 = Release|Any CPU
		{115A24B6-A8F4-43D7-9239-4AA521A12596}.Debug|Any CPU.ActiveCfg = Debug|Any CPU
		{115A24B6-A8F4-43D7-9239-4AA521A12596}.Debug|Any CPU.Build.0 = Debug|Any CPU
		{115A24B6-A8F4-43D7-9239-4AA521A12596}.Debug|x64.ActiveCfg = Debug|Any CPU
		{115A24B6-A8F4-43D7-9239-4AA521A12596}.Debug|x64.Build.0 = Debug|Any CPU
		{115A24B6-A8F4-43D7-9239-4AA521A12596}.Debug|x86.ActiveCfg = Debug|Any CPU
		{115A24B6-A8F4-43D7-9239-4AA521A12596}.Debug|x86.Build.0 = Debug|Any CPU
		{115A24B6-A8F4-43D7-9239-4AA521A12596}.Release|Any CPU.ActiveCfg = Release|Any CPU
		{115A24B6-A8F4-43D7-9239-4AA521A12596}.Release|Any CPU.Build.0 = Release|Any CPU
		{115A24B6-A8F4-43D7-9239-4AA521A12596}.Release|x64.ActiveCfg = Release|Any CPU
		{115A24B6-A8F4-43D7-9239-4AA521A12596}.Release|x64.Build.0 = Release|Any CPU
		{115A24B6-A8F4-43D7-9239-4AA521A12596}.Release|x86.ActiveCfg = Release|Any CPU
		{115A24B6-A8F4-43D7-9239-4AA521A12596}.Release|x86.Build.0 = Release|Any CPU
		{C30247A5-DF08-4B4C-86F9-5521785D659A}.Debug|Any CPU.ActiveCfg = Debug|Any CPU
		{C30247A5-DF08-4B4C-86F9-5521785D659A}.Debug|Any CPU.Build.0 = Debug|Any CPU
		{C30247A5-DF08-4B4C-86F9-5521785D659A}.Debug|x64.ActiveCfg = Debug|Any CPU
		{C30247A5-DF08-4B4C-86F9-5521785D659A}.Debug|x64.Build.0 = Debug|Any CPU
		{C30247A5-DF08-4B4C-86F9-5521785D659A}.Debug|x86.ActiveCfg = Debug|Any CPU
		{C30247A5-DF08-4B4C-86F9-5521785D659A}.Debug|x86.Build.0 = Debug|Any CPU
		{C30247A5-DF08-4B4C-86F9-5521785D659A}.Release|Any CPU.ActiveCfg = Release|Any CPU
		{C30247A5-DF08-4B4C-86F9-5521785D659A}.Release|Any CPU.Build.0 = Release|Any CPU
		{C30247A5-DF08-4B4C-86F9-5521785D659A}.Release|x64.ActiveCfg = Release|Any CPU
		{C30247A5-DF08-4B4C-86F9-5521785D659A}.Release|x64.Build.0 = Release|Any CPU
		{C30247A5-DF08-4B4C-86F9-5521785D659A}.Release|x86.ActiveCfg = Release|Any CPU
		{C30247A5-DF08-4B4C-86F9-5521785D659A}.Release|x86.Build.0 = Release|Any CPU
	EndGlobalSection
	GlobalSection(SolutionProperties) = preSolution
		HideSolutionNode = FALSE
	EndGlobalSection
	GlobalSection(NestedProjects) = preSolution
		{71AEBF0F-8070-D37D-F478-6F2DA0229449} = {65D81A64-A774-A646-9641-709ADC95EC14}
		{1CFFCCC6-B6AA-4123-AA63-526C15502202} = {71AEBF0F-8070-D37D-F478-6F2DA0229449}
		{A486ED5E-097A-9133-1DB5-0D6DC08EAD9B} = {65D81A64-A774-A646-9641-709ADC95EC14}
		{9A37BA62-D4BE-4C30-8047-AE85D16CBE84} = {A486ED5E-097A-9133-1DB5-0D6DC08EAD9B}
		{1922C468-5347-9CE1-E1F3-96FC63464CC1} = {65D81A64-A774-A646-9641-709ADC95EC14}
		{49AD1EF0-D460-4ABE-B1D2-2FF43AEE7394} = {1922C468-5347-9CE1-E1F3-96FC63464CC1}
		{0BE78CAA-A2F2-C6C6-EDD3-438A2BF96769} = {65D81A64-A774-A646-9641-709ADC95EC14}
		{96E192DE-9BC6-47E5-BB3E-2B1A105C418A} = {0BE78CAA-A2F2-C6C6-EDD3-438A2BF96769}
		{14EA47E2-B64F-879A-EABB-2CDA57F02051} = {65D81A64-A774-A646-9641-709ADC95EC14}
		{1FCA9B5D-04C3-4A63-A77B-38CADE9A12AE} = {14EA47E2-B64F-879A-EABB-2CDA57F02051}
		{DAA4B667-611E-9A93-81B6-C426800E0303} = {65D81A64-A774-A646-9641-709ADC95EC14}
		{A8E1E5B9-8F31-4722-BEBC-AD5EBB0CDF95} = {DAA4B667-611E-9A93-81B6-C426800E0303}
		{F347EA9B-0E23-9FBC-15CF-B73AB5AC1795} = {65D81A64-A774-A646-9641-709ADC95EC14}
		{AF47481D-3B37-4BB0-936A-7FB101D807F6} = {F347EA9B-0E23-9FBC-15CF-B73AB5AC1795}
		{115A24B6-A8F4-43D7-9239-4AA521A12596} = {F347EA9B-0E23-9FBC-15CF-B73AB5AC1795}
		{C30247A5-DF08-4B4C-86F9-5521785D659A} = {F347EA9B-0E23-9FBC-15CF-B73AB5AC1795}
	EndGlobalSection
EndGlobal
